// !$*UTF8*$!
{
	archiveVersion = 1;
	classes = {
	};
	objectVersion = 56;
	objects = {

/* Begin PBXBuildFile section */
		E91234560001 /* SerenityApp.swift in Sources */ = {isa = PBXBuildFile; fileRef = E91234550001 /* SerenityApp.swift */; };
		E91234560002 /* ContentView.swift in Sources */ = {isa = PBXBuildFile; fileRef = E91234550002 /* ContentView.swift */; };
		E91234560003 /* Assets.xcassets in Resources */ = {isa = PBXBuildFile; fileRef = E91234550003 /* Assets.xcassets */; };
		E91234560004 /* AnxietyRecord.swift in Sources */ = {isa = PBXBuildFile; fileRef = E91234550004 /* AnxietyRecord.swift */; };
		E91234560005 /* AudioService.swift in Sources */ = {isa = PBXBuildFile; fileRef = E91234550005 /* AudioService.swift */; };
		E91234560006 /* SerenityButton.swift in Sources */ = {isa = PBXBuildFile; fileRef = E91234550006 /* SerenityButton.swift */; };
		E91234560007 /* DashboardView.swift in Sources */ = {isa = PBXBuildFile; fileRef = E91234550007 /* DashboardView.swift */; };
		E91234560008 /* AnxietyViewModel.swift in Sources */ = {isa = PBXBuildFile; fileRef = E91234550008 /* AnxietyViewModel.swift */; };
		E91234560009 /* Theme.swift in Sources */ = {isa = PBXBuildFile; fileRef = E91234550009 /* Theme.swift */; };
		E91234560010 /* StatCard.swift in Sources */ = {isa = PBXBuildFile; fileRef = E91234550010 /* StatCard.swift */; };
		E91234560011 /* ChartView.swift in Sources */ = {isa = PBXBuildFile; fileRef = E91234550011 /* ChartView.swift */; };
		E91234560012 /* Extensions.swift in Sources */ = {isa = PBXBuildFile; fileRef = E91234550012 /* Extensions.swift */; };
		E91234560013 /* serenity-chime.mp3 in Resources */ = {isa = PBXBuildFile; fileRef = E91234550013 /* serenity-chime.mp3 */; };
/* End PBXBuildFile section */

/* Begin PBXFileReference section */
		E91234550000 /* SerenityApp.app */ = {isa = PBXFileReference; explicitFileType = wrapper.application; includeInIndex = 0; path = SerenityApp.app; sourceTree = BUILT_PRODUCTS_DIR; };
		E91234550001 /* SerenityApp.swift */ = {isa = PBXFileReference; lastKnownFileType = sourcecode.swift; path = SerenityApp.swift; sourceTree = "<group>"; };
		E91234550002 /* ContentView.swift */ = {isa = PBXFileReference; lastKnownFileType = sourcecode.swift; path = ContentView.swift; sourceTree = "<group>"; };
		E91234550003 /* Assets.xcassets */ = {isa = PBXFileReference; lastKnownFileType = folder.assetcatalog; path = Assets.xcassets; sourceTree = "<group>"; };
		E91234550004 /* AnxietyRecord.swift */ = {isa = PBXFileReference; lastKnownFileType = sourcecode.swift; path = AnxietyRecord.swift; sourceTree = "<group>"; };
		E91234550005 /* AudioService.swift */ = {isa = PBXFileReference; lastKnownFileType = sourcecode.swift; path = AudioService.swift; sourceTree = "<group>"; };
		E91234550006 /* SerenityButton.swift */ = {isa = PBXFileReference; lastKnownFileType = sourcecode.swift; path = SerenityButton.swift; sourceTree = "<group>"; };
		E91234550007 /* DashboardView.swift */ = {isa = PBXFileReference; lastKnownFileType = sourcecode.swift; path = DashboardView.swift; sourceTree = "<group>"; };
		E91234550008 /* AnxietyViewModel.swift */ = {isa = PBXFileReference; lastKnownFileType = sourcecode.swift; path = AnxietyViewModel.swift; sourceTree = "<group>"; };
		E91234550009 /* Theme.swift */ = {isa = PBXFileReference; lastKnownFileType = sourcecode.swift; path = Theme.swift; sourceTree = "<group>"; };
		E91234550010 /* StatCard.swift */ = {isa = PBXFileReference; lastKnownFileType = sourcecode.swift; path = StatCard.swift; sourceTree = "<group>"; };
		E91234550011 /* ChartView.swift */ = {isa = PBXFileReference; lastKnownFileType = sourcecode.swift; path = ChartView.swift; sourceTree = "<group>"; };
		E91234550012 /* Extensions.swift */ = {isa = PBXFileReference; lastKnownFileType = sourcecode.swift; path = Extensions.swift; sourceTree = "<group>"; };
		E91234550013 /* serenity-chime.mp3 */ = {isa = PBXFileReference; lastKnownFileType = audio.mp3; path = "serenity-chime.mp3"; sourceTree = "<group>"; };
/* End PBXFileReference section */

/* Begin PBXFrameworksBuildPhase section */
		E912345F0001 /* Frameworks */ = {
			isa = PBXFrameworksBuildPhase;
			buildActionMask = 2147483647;
			files = (
			);
			runOnlyForDeploymentPostprocessing = 0;
		};
/* End PBXFrameworksBuildPhase section */

/* Begin PBXGroup section */
		E91234600000 = {
			isa = PBXGroup;
			children = (
				E91234600001 /* SerenityApp */,
				E91234600002 /* Products */,
			);
			sourceTree = "<group>";
		};
		E91234600001 /* SerenityApp */ = {
			isa = PBXGroup;
			children = (
				E91234550001 /* SerenityApp.swift */,
				E91234600003 /* Models */,
				E91234600004 /* Views */,
				E91234600005 /* ViewModels */,
				E91234600006 /* Services */,
				E91234600007 /* Utilities */,
				E91234550003 /* Assets.xcassets */,
				E91234550013 /* serenity-chime.mp3 */,
			);
			path = SerenityApp;
			sourceTree = "<group>";
		};
		E91234600002 /* Products */ = {
			isa = PBXGroup;
			children = (
				E91234550000 /* SerenityApp.app */,
			);
			name = Products;
			sourceTree = "<group>";
		};
		E91234600003 /* Models */ = {
			isa = PBXGroup;
			children = (
				E91234550004 /* AnxietyRecord.swift */,
			);
			path = Models;
			sourceTree = "<group>";
		};
		E91234600004 /* Views */ = {
			isa = PBXGroup;
			children = (
				E91234550002 /* ContentView.swift */,
				E91234550007 /* DashboardView.swift */,
				E91234600008 /* Components */,
			);
			path = Views;
			sourceTree = "<group>";
		};
		E91234600005 /* ViewModels */ = {
			isa = PBXGroup;
			children = (
				E91234550008 /* AnxietyViewModel.swift */,
			);
			path = ViewModels;
			sourceTree = "<group>";
		};
		E91234600006 /* Services */ = {
			isa = PBXGroup;
			children = (
				E91234550005 /* AudioService.swift */,
			);
			path = Services;
			sourceTree = "<group>";
		};
		E91234600007 /* Utilities */ = {
			isa = PBXGroup;
			children = (
				E91234550009 /* Theme.swift */,
				E91234550012 /* Extensions.swift */,
			);
			path = Utilities;
			sourceTree = "<group>";
		};
		E91234600008 /* Components */ = {
			isa = PBXGroup;
			children = (
				E91234550006 /* SerenityButton.swift */,
				E91234550010 /* StatCard.swift */,
				E91234550011 /* ChartView.swift */,
			);
			path = Components;
			sourceTree = "<group>";
		};
/* End PBXGroup section */

/* Begin PBXNativeTarget section */
		E91234700000 /* SerenityApp */ = {
			isa = PBXNativeTarget;
			buildConfigurationList = E91234800000 /* Build configuration list for PBXNativeTarget "SerenityApp" */;
			buildPhases = (
				E912345E0001 /* Sources */,
				E912345F0001 /* Frameworks */,
				E91234610001 /* Resources */,
			);
			buildRules = (
			);
			dependencies = (
			);
			name = SerenityApp;
			productName = SerenityApp;
			productReference = E91234550000 /* SerenityApp.app */;
			productType = "com.apple.product-type.application";
		};
/* End PBXNativeTarget section */

/* Begin PBXProject section */
		E91234620000 /* Project object */ = {
			isa = PBXProject;
			attributes = {
				BuildIndependentTargetsInParallel = 1;
				LastSwiftUpdateCheck = 1500;
				LastUpgradeCheck = 1500;
				TargetAttributes = {
					E91234700000 = {
						CreatedOnToolsVersion = 15.0;
					};
				};
			};
			buildConfigurationList = E91234630000 /* Build configuration list for PBXProject "SerenityApp" */;
			compatibilityVersion = "Xcode 14.0";
			developmentRegion = en;
			hasScannedForEncodings = 0;
			knownRegions = (
				en,
				Base,
			);
			mainGroup = E91234600000;
			productRefGroup = E91234600002 /* Products */;
			projectDirPath = "";
			projectRoot = "";
			targets = (
				E91234700000 /* SerenityApp */,
			);
		};
/* End PBXProject section */

/* Begin PBXResourcesBuildPhase section */
		E91234610001 /* Resources */ = {
			isa = PBXResourcesBuildPhase;
			buildActionMask = 2147483647;
			files = (
				E91234560003 /* Assets.xcassets in Resources */,
				E91234560013 /* serenity-chime.mp3 in Resources */,
			);
			runOnlyForDeploymentPostprocessing = 0;
		};
/* End PBXResourcesBuildPhase section */

/* Begin PBXSourcesBuildPhase section */
		E912345E0001 /* Sources */ = {
			isa = PBXSourcesBuildPhase;
			buildActionMask = 2147483647;
			files = (
				E91234560001 /* SerenityApp.swift in Sources */,
				E91234560002 /* ContentView.swift in Sources */,
				E91234560004 /* AnxietyRecord.swift in Sources */,
				E91234560005 /* AudioService.swift in Sources */,
				E91234560006 /* SerenityButton.swift in Sources */,
				E91234560007 /* DashboardView.swift in Sources */,
				E91234560008 /* AnxietyViewModel.swift in Sources */,
				E91234560009 /* Theme.swift in Sources */,
				E91234560010 /* StatCard.swift in Sources */,
				E91234560011 /* ChartView.swift in Sources */,
				E91234560012 /* Extensions.swift in Sources */,
			);
			runOnlyForDeploymentPostprocessing = 0;
		};
/* End PBXSourcesBuildPhase section */

/* Begin XCBuildConfiguration section */
		E91234640000 /* Debug */ = {
			isa = XCBuildConfiguration;
			buildSettings = {
				ALWAYS_SEARCH_USER_PATHS = NO;
				ASSETCATALOG_COMPILER_GENERATE_SWIFT_ASSET_SYMBOL_EXTENSIONS = YES;
				CLANG_ANALYZER_NONNULL = YES;
				CLANG_ANALYZER_NUMBER_OBJECT_CONVERSION = YES_AGGRESSIVE;
				CLANG_CXX_LANGUAGE_STANDARD = "gnu++20";
				CLANG_ENABLE_MODULES = YES;
				CLANG_ENABLE_OBJC_ARC = YES;
				CLANG_ENABLE_OBJC_WEAK = YES;
				CLANG_WARN_BLOCK_CAPTURE_AUTORELEASING = YES;
				CLANG_WARN_BOOL_CONVERSION = YES;
				CLANG_WARN_COMMA = YES;
				CLANG_WARN_CONSTANT_CONVERSION = YES;
				CLANG_WARN_DEPRECATED_OBJC_IMPLEMENTATIONS = YES;
				CLANG_WARN_DIRECT_OBJC_ISA_USAGE = YES_ERROR;
				CLANG_WARN_DOCUMENTATION_COMMENTS = YES;
				CLANG_WARN_EMPTY_BODY = YES;
				CLANG_WARN_ENUM_CONVERSION = YES;
				CLANG_WARN_INFINITE_RECURSION = YES;
				CLANG_WARN_INT_CONVERSION = YES;
				CLANG_WARN_NON_LITERAL_NULL_CONVERSION = YES;
				CLANG_WARN_OBJC_IMPLICIT_RETAIN_SELF = YES;
				CLANG_WARN_OBJC_LITERAL_CONVERSION = YES;
				CLANG_WARN_OBJC_ROOT_CLASS = YES_ERROR;
				CLANG_WARN_QUOTED_INCLUDE_IN_FRAMEWORK_HEADER = YES;
				CLANG_WARN_RANGE_LOOP_ANALYSIS = YES;
				CLANG_WARN_STRICT_PROTOTYPES = YES;
				CLANG_WARN_SUSPICIOUS_MOVE = YES;
				CLANG_WARN_UNGUARDED_AVAILABILITY = YES_AGGRESSIVE;
				CLANG_WARN_UNREACHABLE_CODE = YES;
				CLANG_WARN__DUPLICATE_METHOD_MATCH = YES;
				COPY_PHASE_STRIP = NO;
				DEBUG_INFORMATION_FORMAT = dwarf;
				ENABLE_STRICT_OBJC_MSGSEND = YES;
				ENABLE_TESTABILITY = YES;
				ENABLE_USER_SCRIPT_SANDBOXING = YES;
				GCC_C_LANGUAGE_STANDARD = gnu17;
				GCC_DYNAMIC_NO_PIC = NO;
				GCC_NO_COMMON_BLOCKS = YES;
				GCC_OPTIMIZATION_LEVEL = 0;
				GCC_PREPROCESSOR_DEFINITIONS = (
					"DEBUG=1",
					"$(inherited)",
				);
				GCC_WARN_64_TO_32_BIT_CONVERSION = YES;
				GCC_WARN_ABOUT_RETURN_TYPE = YES_ERROR;
				GCC_WARN_UNDECLARED_SELECTOR = YES;
				GCC_WARN_UNINITIALIZED_AUTOS = YES_AGGRESSIVE;
				GCC_WARN_UNUSED_FUNCTION = YES;
				GCC_WARN_UNUSED_VARIABLE = YES;
				IPHONEOS_DEPLOYMENT_TARGET = 17.0;
				LOCALIZATION_PREFERS_STRING_CATALOGS = YES;
				MTL_ENABLE_DEBUG_INFO = INCLUDE_SOURCE;
				MTL_FAST_MATH = YES;
				ONLY_ACTIVE_ARCH = YES;
				SDKROOT = iphoneos;
				SWIFT_ACTIVE_COMPILATION_CONDITIONS = "DEBUG $(inherited)";
				SWIFT_OPTIMIZATION_LEVEL = "-Onone";
			};
			name = Debug;
		};
		E91234650000 /* Release */ = {
			isa = XCBuildConfiguration;
			buildSettings = {
				ALWAYS_SEARCH_USER_PATHS = NO;
				ASSETCATALOG_COMPILER_GENERATE_SWIFT_ASSET_SYMBOL_EXTENSIONS = YES;
				CLANG_ANALYZER_NONNULL = YES;
				CLANG_ANALYZER_NUMBER_OBJECT_CONVERSION = YES_AGGRESSIVE;
				CLANG_CXX_LANGUAGE_STANDARD = "gnu++20";
				CLANG_ENABLE_MODULES = YES;
				CLANG_ENABLE_OBJC_ARC = YES;
				CLANG_ENABLE_OBJC_WEAK = YES;
				CLANG_WARN_BLOCK_CAPTURE_AUTORELEASING = YES;
				CLANG_WARN_BOOL_CONVERSION = YES;
				CLANG_WARN_COMMA = YES;
				CLANG_WARN_CONSTANT_CONVERSION = YES;
				CLANG_WARN_DEPRECATED_OBJC_IMPLEMENTATIONS = YES;
				CLANG_WARN_DIRECT_OBJC_ISA_USAGE = YES_ERROR;
				CLANG_WARN_DOCUMENTATION_COMMENTS = YES;
				CLANG_WARN_EMPTY_BODY = YES;
				CLANG_WARN_ENUM_CONVERSION = YES;
				CLANG_WARN_INFINITE_RECURSION = YES;
				CLANG_WARN_INT_CONVERSION = YES;
				CLANG_WARN_NON_LITERAL_NULL_CONVERSION = YES;
				CLANG_WARN_OBJC_IMPLICIT_RETAIN_SELF = YES;
				CLANG_WARN_OBJC_LITERAL_CONVERSION = YES;
				CLANG_WARN_OBJC_ROOT_CLASS = YES_ERROR;
				CLANG_WARN_QUOTED_INCLUDE_IN_FRAMEWORK_HEADER = YES;
				CLANG_WARN_RANGE_LOOP_ANALYSIS = YES;
				CLANG_WARN_STRICT_PROTOTYPES = YES;
				CLANG_WARN_SUSPICIOUS_MOVE = YES;
				CLANG_WARN_UNGUARDED_AVAILABILITY = YES_AGGRESSIVE;
				CLANG_WARN_UNREACHABLE_CODE = YES;
				CLANG_WARN__DUPLICATE_METHOD_MATCH = YES;
				COPY_PHASE_STRIP = NO;
				DEBUG_INFORMATION_FORMAT = "dwarf-with-dsym";
				ENABLE_NS_ASSERTIONS = NO;
				ENABLE_STRICT_OBJC_MSGSEND = YES;
				ENABLE_USER_SCRIPT_SANDBOXING = YES;
				GCC_C_LANGUAGE_STANDARD = gnu17;
				GCC_NO_COMMON_BLOCKS = YES;
				GCC_WARN_64_TO_32_BIT_CONVERSION = YES;
				GCC_WARN_ABOUT_RETURN_TYPE = YES_ERROR;
				GCC_WARN_UNDECLARED_SELECTOR = YES;
				GCC_WARN_UNINITIALIZED_AUTOS = YES_AGGRESSIVE;
				GCC_WARN_UNUSED_FUNCTION = YES;
				GCC_WARN_UNUSED_VARIABLE = YES;
				IPHONEOS_DEPLOYMENT_TARGET = 17.0;
				LOCALIZATION_PREFERS_STRING_CATALOGS = YES;
				MTL_ENABLE_DEBUG_INFO = NO;
				MTL_FAST_MATH = YES;
				SDKROOT = iphoneos;
				SWIFT_COMPILATION_MODE = wholemodule;
				VALIDATE_PRODUCT = YES;
			};
			name = Release;
		};
		E91234660000 /* Debug */ = {
			isa = XCBuildConfiguration;
			buildSettings = {
				ASSETCATALOG_COMPILER_APPICON_NAME = AppIcon;
				ASSETCATALOG_COMPILER_GLOBAL_ACCENT_COLOR_NAME = AccentColor;
				CODE_SIGN_STYLE = Automatic;
				CURRENT_PROJECT_VERSION = 1;
				DEVELOPMENT_TEAM = "";
				ENABLE_PREVIEWS = YES;
				GENERATE_INFOPLIST_FILE = YES;
				INFOPLIST_KEY_CFBundleDisplayName = Serenity;
				INFOPLIST_KEY_UIApplicationSceneManifest_Generation = YES;
				INFOPLIST_KEY_UIApplicationSupportsIndirectInputEvents = YES;
				INFOPLIST_KEY_UILaunchScreen_Generation = YES;
				INFOPLIST_KEY_UISupportedInterfaceOrientations_iPad = "UIInterfaceOrientationPortrait UIInterfaceOrientationPortraitUpsideDown UIInterfaceOrientationLandscapeLeft UIInterfaceOrientationLandscapeRight";
				INFOPLIST_KEY_UISupportedInterfaceOrientations_iPhone = "UIInterfaceOrientationPortrait UIInterfaceOrientationLandscapeLeft UIInterfaceOrientationLandscapeRight";
				LD_RUNPATH_SEARCH_PATHS = (
					"$(inherited)",
					"@executable_path/Frameworks",
				);
				MARKETING_VERSION = 1.0;
				PRODUCT_BUNDLE_IDENTIFIER = com.serenity.app;
				PRODUCT_NAME = "$(TARGET_NAME)";
				SWIFT_EMIT_LOC_STRINGS = YES;
				SWIFT_VERSION = 5.0;
				TARGETED_DEVICE_FAMILY = "1,2";
			};
			name = Debug;
		};
		E91234670000 /* Release */ = {
			isa = XCBuildConfiguration;
			buildSettings = {
				ASSETCATALOG_COMPILER_APPICON_NAME = AppIcon;
				ASSETCATALOG_COMPILER_GLOBAL_ACCENT_COLOR_NAME = AccentColor;
				CODE_SIGN_STYLE = Automatic;
				CURRENT_PROJECT_VERSION = 1;
				DEVELOPMENT_TEAM = "";
				ENABLE_PREVIEWS = YES;
				GENERATE_INFOPLIST_FILE = YES;
				INFOPLIST_KEY_CFBundleDisplayName = Serenity;
				INFOPLIST_KEY_UIApplicationSceneManifest_Generation = YES;
				INFOPLIST_KEY_UIApplicationSupportsIndirectInputEvents = YES;
				INFOPLIST_KEY_UILaunchScreen_Generation = YES;
				INFOPLIST_KEY_UISupportedInterfaceOrientations_iPad = "UIInterfaceOrientationPortrait UIInterfaceOrientationPortraitUpsideDown UIInterfaceOrientationLandscapeLeft UIInterfaceOrientationLandscapeRight";
				INFOPLIST_KEY_UISupportedInterfaceOrientations_iPhone = "UIInterfaceOrientationPortrait UIInterfaceOrientationLandscapeLeft UIInterfaceOrientationLandscapeRight";
				LD_RUNPATH_SEARCH_PATHS = (
					"$(inherited)",
					"@executable_path/Frameworks",
				);
				MARKETING_VERSION = 1.0;
				PRODUCT_BUNDLE_IDENTIFIER = com.serenity.app;
				PRODUCT_NAME = "$(TARGET_NAME)";
				SWIFT_EMIT_LOC_STRINGS = YES;
				SWIFT_VERSION = 5.0;
				TARGETED_DEVICE_FAMILY = "1,2";
			};
			name = Release;
		};
/* End XCBuildConfiguration section */

/* Begin XCConfigurationList section */
		E91234630000 /* Build configuration list for PBXProject "SerenityApp" */ = {
			isa = XCConfigurationList;
			buildConfigurations = (
				E91234640000 /* Debug */,
				E91234650000 /* Release */,
			);
			defaultConfigurationIsVisible = 0;
			defaultConfigurationName = Release;
		};
		E91234800000 /* Build configuration list for PBXNativeTarget "SerenityApp" */ = {
			isa = XCConfigurationList;
			buildConfigurations = (
				E91234660000 /* Debug */,
				E91234670000 /* Release */,
			);
			defaultConfigurationIsVisible = 0;
			defaultConfigurationName = Release;
		};
/* End XCConfigurationList section */
	};
	rootObject = E91234620000 /* Project object */;
}
